
Microsoft Visual Studio Solution File, Format Version 12.00
# Visual Studio Version 17
VisualStudioVersion = 17.9.34723.18
MinimumVisualStudioVersion = 10.0.40219.1
Project("{FAE04EC0-301F-11D3-BF4B-00C04F79EFBC}") = "TaskManaget.API", "TaskManaget.API.csproj", "{CED82C4A-624A-4654-A556-5D3E3FCECABC}"
EndProject
Global
	GlobalSection(SolutionConfigurationPlatforms) = preSolution
		Debug|Any CPU = Debug|Any CPU
		Release|Any CPU = Release|Any CPU
	EndGlobalSection
	GlobalSection(ProjectConfigurationPlatforms) = postSolution
		{CED82C4A-624A-4654-A556-5D3E3FCECABC}.Debug|Any CPU.ActiveCfg = Debug|Any CPU
		{CED82C4A-624A-4654-A556-5D3E3FCECABC}.Debug|Any CPU.Build.0 = Debug|Any CPU
		{CED82C4A-624A-4654-A556-5D3E3FCECABC}.Release|Any CPU.ActiveCfg = Release|Any CPU
		{CED82C4A-624A-4654-A556-5D3E3FCECABC}.Release|Any CPU.Build.0 = Release|Any CPU
	EndGlobalSection
	GlobalSection(SolutionProperties) = preSolution
		HideSolutionNode = FALSE
	EndGlobalSection
	GlobalSection(ExtensibilityGlobals) = postSolution
		SolutionGuid = {7F54323E-4AD8-484A-BDB8-FDCF08CFB6CA}
	EndGlobalSection
EndGlobal
